
Microsoft Visual Studio Solution File, Format Version 12.00
# Visual Studio Version 17
VisualStudioVersion = 17.8.34525.116
MinimumVisualStudioVersion = 10.0.40219.1
Project("{FAE04EC0-301F-11D3-BF4B-00C04F79EFBC}") = "Fase1", "Fase1\Fase1.csproj", "{13280C4E-F66E-4AEE-BA21-3E23054F59EF}"
EndProject
Global
	GlobalSection(SolutionConfigurationPlatforms) = preSolution
		Debug|Any CPU = Debug|Any CPU
		Release|Any CPU = Release|Any CPU
	EndGlobalSection
	GlobalSection(ProjectConfigurationPlatforms) = postSolution
		{13280C4E-F66E-4AEE-BA21-3E23054F59EF}.Debug|Any CPU.ActiveCfg = Debug|Any CPU
		{13280C4E-F66E-4AEE-BA21-3E23054F59EF}.Debug|Any CPU.Build.0 = Debug|Any CPU
		{13280C4E-F66E-4AEE-BA21-3E23054F59EF}.Release|Any CPU.ActiveCfg = Release|Any CPU
		{13280C4E-F66E-4AEE-BA21-3E23054F59EF}.Release|Any CPU.Build.0 = Release|Any CPU
	EndGlobalSection
	GlobalSection(SolutionProperties) = preSolution
		HideSolutionNode = FALSE
	EndGlobalSection
	GlobalSection(ExtensibilityGlobals) = postSolution
		SolutionGuid = {6C6C3EF1-E70C-4327-AF98-037304BFDA15}
	EndGlobalSection
EndGlobal
